
Microsoft Visual Studio Solution File, Format Version 12.00
# Visual Studio Version 17
VisualStudioVersion = 17.4.33205.214
MinimumVisualStudioVersion = 10.0.40219.1
Project("{9A19103F-16F7-4668-BE54-9A1E7A4F7556}") = "P1Test.Models", "P1Test.Models\P1Test.Models.csproj", "{0A31F05C-B3F4-4F6C-9F37-38EE6537A9F0}"
EndProject
Project("{9A19103F-16F7-4668-BE54-9A1E7A4F7556}") = "P1Test.Interfaces", "P1Test.Interfaces\P1Test.Interfaces.csproj", "{C94D981B-E463-4672-B60F-4D6D0FD40498}"
EndProject
Project("{9A19103F-16F7-4668-BE54-9A1E7A4F7556}") = "P1Test.API.SECCI", "P1Test.API.SECCI\P1Test.API.SECCI.csproj", "{1D1189CD-0F43-4556-8AE5-E2DA403C37D9}"
EndProject
Project("{9A19103F-16F7-4668-BE54-9A1E7A4F7556}") = "P1Test.API.SECCI.Test", "P1Test.API.SECCI.Test\P1Test.API.SECCI.Test.csproj", "{F9FED8DB-35E1-41F2-BE54-1CD9CEC34D41}"
EndProject
Project("{9A19103F-16F7-4668-BE54-9A1E7A4F7556}") = "P1Test.API.SECCI.IntegrationTest", "P1Test.API.SECCI.IntegrationTest\P1Test.API.SECCI.IntegrationTest.csproj", "{A77094F4-6622-45A1-A060-27D38D74D049}"
EndProject
Project("{9A19103F-16F7-4668-BE54-9A1E7A4F7556}") = "P1Test.MiddleWare", "P1Test.MiddleWare\P1Test.MiddleWare.csproj", "{569A8E6D-3D3B-4A99-95BC-98A45E09A24A}"
EndProject
Project("{9A19103F-16F7-4668-BE54-9A1E7A4F7556}") = "P1Test.Web", "P1Test.Web\P1Test.Web.csproj", "{30328F06-E7F1-427F-B09A-ECB88676823D}"
EndProject
Project("{FAE04EC0-301F-11D3-BF4B-00C04F79EFBC}") = "P1Test.Web.React.Server", "P1Test.Web.React\P1Test.Web.React.Server\P1Test.Web.React.Server.csproj", "{D0D359FB-F29B-4AE9-814A-DD2B5341C03E}"
EndProject
Project("{54A90642-561A-4BB1-A94E-469ADEE60C69}") = "p1test.web.react.client", "P1Test.Web.React\p1test.web.react.client\p1test.web.react.client.esproj", "{B23919CF-8F9C-4737-802B-BC9316232479}"
EndProject
Global
	GlobalSection(SolutionConfigurationPlatforms) = preSolution
		Debug|Any CPU = Debug|Any CPU
		Release|Any CPU = Release|Any CPU
	EndGlobalSection
	GlobalSection(ProjectConfigurationPlatforms) = postSolution
		{0A31F05C-B3F4-4F6C-9F37-38EE6537A9F0}.Debug|Any CPU.ActiveCfg = Debug|Any CPU
		{0A31F05C-B3F4-4F6C-9F37-38EE6537A9F0}.Debug|Any CPU.Build.0 = Debug|Any CPU
		{0A31F05C-B3F4-4F6C-9F37-38EE6537A9F0}.Release|Any CPU.ActiveCfg = Release|Any CPU
		{0A31F05C-B3F4-4F6C-9F37-38EE6537A9F0}.Release|Any CPU.Build.0 = Release|Any CPU
		{C94D981B-E463-4672-B60F-4D6D0FD40498}.Debug|Any CPU.ActiveCfg = Debug|Any CPU
		{C94D981B-E463-4672-B60F-4D6D0FD40498}.Debug|Any CPU.Build.0 = Debug|Any CPU
		{C94D981B-E463-4672-B60F-4D6D0FD40498}.Release|Any CPU.ActiveCfg = Release|Any CPU
		{C94D981B-E463-4672-B60F-4D6D0FD40498}.Release|Any CPU.Build.0 = Release|Any CPU
		{1D1189CD-0F43-4556-8AE5-E2DA403C37D9}.Debug|Any CPU.ActiveCfg = Debug|Any CPU
		{1D1189CD-0F43-4556-8AE5-E2DA403C37D9}.Debug|Any CPU.Build.0 = Debug|Any CPU
		{1D1189CD-0F43-4556-8AE5-E2DA403C37D9}.Release|Any CPU.ActiveCfg = Release|Any CPU
		{1D1189CD-0F43-4556-8AE5-E2DA403C37D9}.Release|Any CPU.Build.0 = Release|Any CPU
		{F9FED8DB-35E1-41F2-BE54-1CD9CEC34D41}.Debug|Any CPU.ActiveCfg = Debug|Any CPU
		{F9FED8DB-35E1-41F2-BE54-1CD9CEC34D41}.Debug|Any CPU.Build.0 = Debug|Any CPU
		{F9FED8DB-35E1-41F2-BE54-1CD9CEC34D41}.Release|Any CPU.ActiveCfg = Release|Any CPU
		{F9FED8DB-35E1-41F2-BE54-1CD9CEC34D41}.Release|Any CPU.Build.0 = Release|Any CPU
		{A77094F4-6622-45A1-A060-27D38D74D049}.Debug|Any CPU.ActiveCfg = Debug|Any CPU
		{A77094F4-6622-45A1-A060-27D38D74D049}.Debug|Any CPU.Build.0 = Debug|Any CPU
		{A77094F4-6622-45A1-A060-27D38D74D049}.Release|Any CPU.ActiveCfg = Release|Any CPU
		{A77094F4-6622-45A1-A060-27D38D74D049}.Release|Any CPU.Build.0 = Release|Any CPU
		{569A8E6D-3D3B-4A99-95BC-98A45E09A24A}.Debug|Any CPU.ActiveCfg = Debug|Any CPU
		{569A8E6D-3D3B-4A99-95BC-98A45E09A24A}.Debug|Any CPU.Build.0 = Debug|Any CPU
		{569A8E6D-3D3B-4A99-95BC-98A45E09A24A}.Release|Any CPU.ActiveCfg = Release|Any CPU
		{569A8E6D-3D3B-4A99-95BC-98A45E09A24A}.Release|Any CPU.Build.0 = Release|Any CPU
		{30328F06-E7F1-427F-B09A-ECB88676823D}.Debug|Any CPU.ActiveCfg = Debug|Any CPU
		{30328F06-E7F1-427F-B09A-ECB88676823D}.Debug|Any CPU.Build.0 = Debug|Any CPU
		{30328F06-E7F1-427F-B09A-ECB88676823D}.Release|Any CPU.ActiveCfg = Release|Any CPU
		{30328F06-E7F1-427F-B09A-ECB88676823D}.Release|Any CPU.Build.0 = Release|Any CPU
		{D0D359FB-F29B-4AE9-814A-DD2B5341C03E}.Debug|Any CPU.ActiveCfg = Debug|Any CPU
		{D0D359FB-F29B-4AE9-814A-DD2B5341C03E}.Debug|Any CPU.Build.0 = Debug|Any CPU
		{D0D359FB-F29B-4AE9-814A-DD2B5341C03E}.Release|Any CPU.ActiveCfg = Release|Any CPU
		{D0D359FB-F29B-4AE9-814A-DD2B5341C03E}.Release|Any CPU.Build.0 = Release|Any CPU
		{B23919CF-8F9C-4737-802B-BC9316232479}.Debug|Any CPU.ActiveCfg = Debug|Any CPU
		{B23919CF-8F9C-4737-802B-BC9316232479}.Debug|Any CPU.Build.0 = Debug|Any CPU
		{B23919CF-8F9C-4737-802B-BC9316232479}.Debug|Any CPU.Deploy.0 = Debug|Any CPU
		{B23919CF-8F9C-4737-802B-BC9316232479}.Release|Any CPU.ActiveCfg = Release|Any CPU
		{B23919CF-8F9C-4737-802B-BC9316232479}.Release|Any CPU.Build.0 = Release|Any CPU
		{B23919CF-8F9C-4737-802B-BC9316232479}.Release|Any CPU.Deploy.0 = Release|Any CPU
	EndGlobalSection
	GlobalSection(SolutionProperties) = preSolution
		HideSolutionNode = FALSE
	EndGlobalSection
	GlobalSection(ExtensibilityGlobals) = postSolution
		SolutionGuid = {D0A164D0-C6B8-4F24-BA01-925FD3580BCE}
	EndGlobalSection
EndGlobal
